Microsoft Visual Studio Solution File, Format Version 11.00
# Visual Studio 2008

Project("{32EC9300-748C-F9F2-9270-768F74B16DAA}") = "HellTrapped", "Assembly-CSharp.csproj", "{D49EB5B4-E321-B01C-34D1-C5C71E04A5B2}"
EndProject
Global
	GlobalSection(SolutionConfigurationPlatforms) = preSolution
		Debug|Any CPU = Debug|Any CPU
		Release|Any CPU = Release|Any CPU
	EndGlobalSection
	GlobalSection(ProjectConfigurationPlatforms) = postSolution
		{D49EB5B4-E321-B01C-34D1-C5C71E04A5B2}.Debug|Any CPU.ActiveCfg = Debug|Any CPU
		{D49EB5B4-E321-B01C-34D1-C5C71E04A5B2}.Debug|Any CPU.Build.0 = Debug|Any CPU
		{D49EB5B4-E321-B01C-34D1-C5C71E04A5B2}.Release|Any CPU.ActiveCfg = Release|Any CPU
		{D49EB5B4-E321-B01C-34D1-C5C71E04A5B2}.Release|Any CPU.Build.0 = Release|Any CPU
	EndGlobalSection
	GlobalSection(SolutionProperties) = preSolution
		HideSolutionNode = FALSE
	EndGlobalSection
	GlobalSection(MonoDevelopProperties) = preSolution
		StartupItem = Assembly-CSharp.csproj
	EndGlobalSection
EndGlobal
